
Microsoft Visual Studio Solution File, Format Version 12.00
# Visual Studio 14
VisualStudioVersion = 14.0.23107.0
MinimumVisualStudioVersion = 10.0.40219.1
Project("{2150E333-8FDC-42A3-9474-1A3956D46DE8}") = "DataAccess", "DataAccess", "{15B64764-5433-4992-BC24-653B6ACB5C06}"
EndProject
Project("{FAE04EC0-301F-11D3-BF4B-00C04F79EFBC}") = "Venus.Data", "Venus.Data\Venus.Data\Venus.Data.csproj", "{8C2CFBCA-6358-4775-9942-E2C91858F413}"
EndProject
Project("{2150E333-8FDC-42A3-9474-1A3956D46DE8}") = "Test", "Test", "{EDBD2357-1779-4D27-BCCC-FD3060B5040A}"
EndProject
Project("{FAE04EC0-301F-11D3-BF4B-00C04F79EFBC}") = "Venus.Test", "Venus.Test\Venus.Test\Venus.Test.csproj", "{97F30416-CE35-49DC-B6A7-90E6F3E11D3E}"
EndProject
Project("{FAE04EC0-301F-11D3-BF4B-00C04F79EFBC}") = "Venus.Data.EF", "Venus.Data\Venus.Data.EF\Venus.Data.EF.csproj", "{C0A3EDB7-382D-4043-B7BF-77153440042C}"
EndProject
Project("{2150E333-8FDC-42A3-9474-1A3956D46DE8}") = "Framework", "Framework", "{D5454572-0DAE-46FC-BB2D-C485531B62DC}"
EndProject
Project("{2150E333-8FDC-42A3-9474-1A3956D46DE8}") = "Util", "Util", "{5D034CF8-1986-42FB-818C-3FE569268519}"
EndProject
Project("{FAE04EC0-301F-11D3-BF4B-00C04F79EFBC}") = "Venus.Util", "Venus.Util\Venus.Util\Venus.Util.csproj", "{B11A50CF-FC32-4170-B766-3D1BCD4BC7EC}"
EndProject
Project("{FAE04EC0-301F-11D3-BF4B-00C04F79EFBC}") = "Venus.Util.Ioc", "Venus.Util\Venus.Util.Ioc\Venus.Util.Ioc.csproj", "{8DEF9E80-953E-4ACE-9A3D-2DBE112D2046}"
EndProject
Project("{2150E333-8FDC-42A3-9474-1A3956D46DE8}") = "Application", "Application", "{332B047B-7936-4C24-B956-CF9FB013BA03}"
EndProject
Project("{FAE04EC0-301F-11D3-BF4B-00C04F79EFBC}") = "Venus.Application.Entity", "Venus.Application\Venus.Application.Entity\Venus.Application.Entity.csproj", "{B51E1895-4D1F-40A9-9E44-09847090687C}"
EndProject
Project("{FAE04EC0-301F-11D3-BF4B-00C04F79EFBC}") = "Venus.Application.Mapping", "Venus.Application\Venus.Application.Mapping\Venus.Application.Mapping.csproj", "{D682A26F-AA38-42EC-A447-5D07A8DBB91B}"
EndProject
Project("{FAE04EC0-301F-11D3-BF4B-00C04F79EFBC}") = "Venus.Test.Console", "Venus.Test\Venus.Test.Console\Venus.Test.Console.csproj", "{4095F989-970C-4269-BB90-9F51A32C65DA}"
EndProject
Project("{FAE04EC0-301F-11D3-BF4B-00C04F79EFBC}") = "Venus.Util.Offices", "Venus.Util.Offices\Venus.Util.Offices.csproj", "{F83A159C-D21F-41B6-B6B7-DDDC24510AC8}"
EndProject
Project("{FAE04EC0-301F-11D3-BF4B-00C04F79EFBC}") = "Venus.Application.SMSBase", "Venus.Application\Venus.Application.SMSBase\Venus.Application.SMSBase.csproj", "{7202EED5-E180-44B6-97BD-5BAA48256CA2}"
EndProject
Project("{FAE04EC0-301F-11D3-BF4B-00C04F79EFBC}") = "Venus.Test.Chemical", "Venus.Test\Venus.Test.Chemical\Venus.Test.Chemical.csproj", "{33B7BD68-44F3-4B64-AC3C-E34164DE2B56}"
EndProject
Global
	GlobalSection(SolutionConfigurationPlatforms) = preSolution
		Debug|Any CPU = Debug|Any CPU
		Release|Any CPU = Release|Any CPU
	EndGlobalSection
	GlobalSection(ProjectConfigurationPlatforms) = postSolution
		{8C2CFBCA-6358-4775-9942-E2C91858F413}.Debug|Any CPU.ActiveCfg = Debug|Any CPU
		{8C2CFBCA-6358-4775-9942-E2C91858F413}.Debug|Any CPU.Build.0 = Debug|Any CPU
		{8C2CFBCA-6358-4775-9942-E2C91858F413}.Release|Any CPU.ActiveCfg = Release|Any CPU
		{8C2CFBCA-6358-4775-9942-E2C91858F413}.Release|Any CPU.Build.0 = Release|Any CPU
		{97F30416-CE35-49DC-B6A7-90E6F3E11D3E}.Debug|Any CPU.ActiveCfg = Debug|Any CPU
		{97F30416-CE35-49DC-B6A7-90E6F3E11D3E}.Debug|Any CPU.Build.0 = Debug|Any CPU
		{97F30416-CE35-49DC-B6A7-90E6F3E11D3E}.Release|Any CPU.ActiveCfg = Release|Any CPU
		{97F30416-CE35-49DC-B6A7-90E6F3E11D3E}.Release|Any CPU.Build.0 = Release|Any CPU
		{C0A3EDB7-382D-4043-B7BF-77153440042C}.Debug|Any CPU.ActiveCfg = Debug|Any CPU
		{C0A3EDB7-382D-4043-B7BF-77153440042C}.Debug|Any CPU.Build.0 = Debug|Any CPU
		{C0A3EDB7-382D-4043-B7BF-77153440042C}.Release|Any CPU.ActiveCfg = Release|Any CPU
		{C0A3EDB7-382D-4043-B7BF-77153440042C}.Release|Any CPU.Build.0 = Release|Any CPU
		{B11A50CF-FC32-4170-B766-3D1BCD4BC7EC}.Debug|Any CPU.ActiveCfg = Debug|Any CPU
		{B11A50CF-FC32-4170-B766-3D1BCD4BC7EC}.Debug|Any CPU.Build.0 = Debug|Any CPU
		{B11A50CF-FC32-4170-B766-3D1BCD4BC7EC}.Release|Any CPU.ActiveCfg = Release|Any CPU
		{B11A50CF-FC32-4170-B766-3D1BCD4BC7EC}.Release|Any CPU.Build.0 = Release|Any CPU
		{8DEF9E80-953E-4ACE-9A3D-2DBE112D2046}.Debug|Any CPU.ActiveCfg = Debug|Any CPU
		{8DEF9E80-953E-4ACE-9A3D-2DBE112D2046}.Debug|Any CPU.Build.0 = Debug|Any CPU
		{8DEF9E80-953E-4ACE-9A3D-2DBE112D2046}.Release|Any CPU.ActiveCfg = Release|Any CPU
		{8DEF9E80-953E-4ACE-9A3D-2DBE112D2046}.Release|Any CPU.Build.0 = Release|Any CPU
		{B51E1895-4D1F-40A9-9E44-09847090687C}.Debug|Any CPU.ActiveCfg = Debug|Any CPU
		{B51E1895-4D1F-40A9-9E44-09847090687C}.Debug|Any CPU.Build.0 = Debug|Any CPU
		{B51E1895-4D1F-40A9-9E44-09847090687C}.Release|Any CPU.ActiveCfg = Release|Any CPU
		{B51E1895-4D1F-40A9-9E44-09847090687C}.Release|Any CPU.Build.0 = Release|Any CPU
		{D682A26F-AA38-42EC-A447-5D07A8DBB91B}.Debug|Any CPU.ActiveCfg = Debug|Any CPU
		{D682A26F-AA38-42EC-A447-5D07A8DBB91B}.Debug|Any CPU.Build.0 = Debug|Any CPU
		{D682A26F-AA38-42EC-A447-5D07A8DBB91B}.Release|Any CPU.ActiveCfg = Release|Any CPU
		{D682A26F-AA38-42EC-A447-5D07A8DBB91B}.Release|Any CPU.Build.0 = Release|Any CPU
		{4095F989-970C-4269-BB90-9F51A32C65DA}.Debug|Any CPU.ActiveCfg = Debug|Any CPU
		{4095F989-970C-4269-BB90-9F51A32C65DA}.Debug|Any CPU.Build.0 = Debug|Any CPU
		{4095F989-970C-4269-BB90-9F51A32C65DA}.Release|Any CPU.ActiveCfg = Release|Any CPU
		{4095F989-970C-4269-BB90-9F51A32C65DA}.Release|Any CPU.Build.0 = Release|Any CPU
		{F83A159C-D21F-41B6-B6B7-DDDC24510AC8}.Debug|Any CPU.ActiveCfg = Debug|Any CPU
		{F83A159C-D21F-41B6-B6B7-DDDC24510AC8}.Debug|Any CPU.Build.0 = Debug|Any CPU
		{F83A159C-D21F-41B6-B6B7-DDDC24510AC8}.Release|Any CPU.ActiveCfg = Release|Any CPU
		{F83A159C-D21F-41B6-B6B7-DDDC24510AC8}.Release|Any CPU.Build.0 = Release|Any CPU
		{7202EED5-E180-44B6-97BD-5BAA48256CA2}.Debug|Any CPU.ActiveCfg = Debug|Any CPU
		{7202EED5-E180-44B6-97BD-5BAA48256CA2}.Debug|Any CPU.Build.0 = Debug|Any CPU
		{7202EED5-E180-44B6-97BD-5BAA48256CA2}.Release|Any CPU.ActiveCfg = Release|Any CPU
		{7202EED5-E180-44B6-97BD-5BAA48256CA2}.Release|Any CPU.Build.0 = Release|Any CPU
		{33B7BD68-44F3-4B64-AC3C-E34164DE2B56}.Debug|Any CPU.ActiveCfg = Debug|Any CPU
		{33B7BD68-44F3-4B64-AC3C-E34164DE2B56}.Debug|Any CPU.Build.0 = Debug|Any CPU
		{33B7BD68-44F3-4B64-AC3C-E34164DE2B56}.Release|Any CPU.ActiveCfg = Release|Any CPU
		{33B7BD68-44F3-4B64-AC3C-E34164DE2B56}.Release|Any CPU.Build.0 = Release|Any CPU
	EndGlobalSection
	GlobalSection(SolutionProperties) = preSolution
		HideSolutionNode = FALSE
	EndGlobalSection
	GlobalSection(NestedProjects) = preSolution
		{8C2CFBCA-6358-4775-9942-E2C91858F413} = {15B64764-5433-4992-BC24-653B6ACB5C06}
		{97F30416-CE35-49DC-B6A7-90E6F3E11D3E} = {EDBD2357-1779-4D27-BCCC-FD3060B5040A}
		{C0A3EDB7-382D-4043-B7BF-77153440042C} = {15B64764-5433-4992-BC24-653B6ACB5C06}
		{5D034CF8-1986-42FB-818C-3FE569268519} = {D5454572-0DAE-46FC-BB2D-C485531B62DC}
		{B11A50CF-FC32-4170-B766-3D1BCD4BC7EC} = {5D034CF8-1986-42FB-818C-3FE569268519}
		{8DEF9E80-953E-4ACE-9A3D-2DBE112D2046} = {5D034CF8-1986-42FB-818C-3FE569268519}
		{B51E1895-4D1F-40A9-9E44-09847090687C} = {332B047B-7936-4C24-B956-CF9FB013BA03}
		{D682A26F-AA38-42EC-A447-5D07A8DBB91B} = {332B047B-7936-4C24-B956-CF9FB013BA03}
		{4095F989-970C-4269-BB90-9F51A32C65DA} = {EDBD2357-1779-4D27-BCCC-FD3060B5040A}
		{F83A159C-D21F-41B6-B6B7-DDDC24510AC8} = {5D034CF8-1986-42FB-818C-3FE569268519}
		{7202EED5-E180-44B6-97BD-5BAA48256CA2} = {332B047B-7936-4C24-B956-CF9FB013BA03}
		{33B7BD68-44F3-4B64-AC3C-E34164DE2B56} = {EDBD2357-1779-4D27-BCCC-FD3060B5040A}
	EndGlobalSection
EndGlobal
